{
  "name": "speed-match",
  "lockfileVersion": 3,
  "requires": true,
  "packages": {
    "": {
      "dependencies": {
        "godb": "^0.6.2"
      }
    },
    "node_modules/godb": {
      "version": "0.6.2",
      "resolved": "https://registry.npmjs.org/godb/-/godb-0.6.2.tgz",
      "integrity": "sha512-641W5/CzvwWCCW8Z5ETT6Js6posF5XXbc93F8fwJNseTpuQsTuJPxRntZPe6iYtb9ExfNlGteK09cN3Sl2avXw=="
    }
  }
}
